
Microsoft Visual Studio Solution File, Format Version 12.00
# Visual Studio Version 17
VisualStudioVersion = 17.14.36301.6
MinimumVisualStudioVersion = 10.0.40219.1
Project("{FAE04EC0-301F-11D3-BF4B-00C04F79EFBC}") = "E-CommerceManagementSystem.Presentation", "E-CommerceManagementSystem.Presentation\E-CommerceManagementSystem.Presentation.csproj", "{2C3A7FA7-10FA-4E06-A50E-582BB2161CDA}"
EndProject
Project("{FAE04EC0-301F-11D3-BF4B-00C04F79EFBC}") = "E-CommerceManagementSystem.Repository", "E-CommerceManagementSystem.Repository\E-CommerceManagementSystem.Repository.csproj", "{72D40C92-9976-432A-933E-678B7608114A}"
EndProject
Project("{FAE04EC0-301F-11D3-BF4B-00C04F79EFBC}") = "E-CommerceManagementSystem.Business", "E-CommerceManagementSystem.Business\E-CommerceManagementSystem.Business.csproj", "{19FFA50D-DA21-4D04-8746-031F48180D1A}"
EndProject
Project("{FAE04EC0-301F-11D3-BF4B-00C04F79EFBC}") = "GenAILLMTests", "GenAILLMTests\GenAILLMTests.csproj", "{7EA4D6DE-87F5-F8FC-BBBB-038AE8D90494}"
EndProject
Global
	GlobalSection(SolutionConfigurationPlatforms) = preSolution
		Debug|Any CPU = Debug|Any CPU
		Release|Any CPU = Release|Any CPU
	EndGlobalSection
	GlobalSection(ProjectConfigurationPlatforms) = postSolution
		{2C3A7FA7-10FA-4E06-A50E-582BB2161CDA}.Debug|Any CPU.ActiveCfg = Debug|Any CPU
		{2C3A7FA7-10FA-4E06-A50E-582BB2161CDA}.Debug|Any CPU.Build.0 = Debug|Any CPU
		{2C3A7FA7-10FA-4E06-A50E-582BB2161CDA}.Release|Any CPU.ActiveCfg = Release|Any CPU
		{2C3A7FA7-10FA-4E06-A50E-582BB2161CDA}.Release|Any CPU.Build.0 = Release|Any CPU
		{72D40C92-9976-432A-933E-678B7608114A}.Debug|Any CPU.ActiveCfg = Debug|Any CPU
		{72D40C92-9976-432A-933E-678B7608114A}.Debug|Any CPU.Build.0 = Debug|Any CPU
		{72D40C92-9976-432A-933E-678B7608114A}.Release|Any CPU.ActiveCfg = Release|Any CPU
		{72D40C92-9976-432A-933E-678B7608114A}.Release|Any CPU.Build.0 = Release|Any CPU
		{19FFA50D-DA21-4D04-8746-031F48180D1A}.Debug|Any CPU.ActiveCfg = Debug|Any CPU
		{19FFA50D-DA21-4D04-8746-031F48180D1A}.Debug|Any CPU.Build.0 = Debug|Any CPU
		{19FFA50D-DA21-4D04-8746-031F48180D1A}.Release|Any CPU.ActiveCfg = Release|Any CPU
		{19FFA50D-DA21-4D04-8746-031F48180D1A}.Release|Any CPU.Build.0 = Release|Any CPU
		{7EA4D6DE-87F5-F8FC-BBBB-038AE8D90494}.Debug|Any CPU.ActiveCfg = Debug|Any CPU
		{7EA4D6DE-87F5-F8FC-BBBB-038AE8D90494}.Debug|Any CPU.Build.0 = Debug|Any CPU
		{7EA4D6DE-87F5-F8FC-BBBB-038AE8D90494}.Release|Any CPU.ActiveCfg = Release|Any CPU
		{7EA4D6DE-87F5-F8FC-BBBB-038AE8D90494}.Release|Any CPU.Build.0 = Release|Any CPU
	EndGlobalSection
	GlobalSection(SolutionProperties) = preSolution
		HideSolutionNode = FALSE
	EndGlobalSection
	GlobalSection(ExtensibilityGlobals) = postSolution
		SolutionGuid = {0B4CB115-F732-4F1D-AA19-7ECBFEB83679}
	EndGlobalSection
EndGlobal
